// !$*UTF8*$!
{
	archiveVersion = 1;
	classes = {
	};
	objectVersion = 50;
	objects = {

/* Begin PBXBuildFile section */
		5F26164C20E3FA27004A52FC /* AppDelegate.swift in Sources */ = {isa = PBXBuildFile; fileRef = 5F26164B20E3FA27004A52FC /* AppDelegate.swift */; };
		5F26164E20E3FA27004A52FC /* ViewController.swift in Sources */ = {isa = PBXBuildFile; fileRef = 5F26164D20E3FA27004A52FC /* ViewController.swift */; };
		5F26165120E3FA27004A52FC /* Main.storyboard in Resources */ = {isa = PBXBuildFile; fileRef = 5F26164F20E3FA27004A52FC /* Main.storyboard */; };
		5F26165320E3FA28004A52FC /* Assets.xcassets in Resources */ = {isa = PBXBuildFile; fileRef = 5F26165220E3FA28004A52FC /* Assets.xcassets */; };
		5F26165620E3FA28004A52FC /* LaunchScreen.storyboard in Resources */ = {isa = PBXBuildFile; fileRef = 5F26165420E3FA28004A52FC /* LaunchScreen.storyboard */; };
		5FC33D7820F4A53200FED5E8 /* XSIQiYiPlayButton.swift in Sources */ = {isa = PBXBuildFile; fileRef = 5FC33D7720F4A53200FED5E8 /* XSIQiYiPlayButton.swift */; };
/* End PBXBuildFile section */

/* Begin PBXCopyFilesBuildPhase section */
		5F0E225020E9277F00095979 /* Embed Frameworks */ = {
			isa = PBXCopyFilesBuildPhase;
			buildActionMask = 2147483647;
			dstPath = "";
			dstSubfolderSpec = 10;
			files = (
			);
			name = "Embed Frameworks";
			runOnlyForDeploymentPostprocessing = 0;
		};
/* End PBXCopyFilesBuildPhase section */

/* Begin PBXFileReference section */
		5F26164820E3FA27004A52FC /* XSSuperDemo-Swfit.app */ = {isa = PBXFileReference; explicitFileType = wrapper.application; includeInIndex = 0; path = "XSSuperDemo-Swfit.app"; sourceTree = BUILT_PRODUCTS_DIR; };
		5F26164B20E3FA27004A52FC /* AppDelegate.swift */ = {isa = PBXFileReference; lastKnownFileType = sourcecode.swift; path = AppDelegate.swift; sourceTree = "<group>"; };
		5F26164D20E3FA27004A52FC /* ViewController.swift */ = {isa = PBXFileReference; lastKnownFileType = sourcecode.swift; path = ViewController.swift; sourceTree = "<group>"; };
		5F26165020E3FA27004A52FC /* Base */ = {isa = PBXFileReference; lastKnownFileType = file.storyboard; name = Base; path = Base.lproj/Main.storyboard; sourceTree = "<group>"; };
		5F26165220E3FA28004A52FC /* Assets.xcassets */ = {isa = PBXFileReference; lastKnownFileType = folder.assetcatalog; path = Assets.xcassets; sourceTree = "<group>"; };
		5F26165520E3FA28004A52FC /* Base */ = {isa = PBXFileReference; lastKnownFileType = file.storyboard; name = Base; path = Base.lproj/LaunchScreen.storyboard; sourceTree = "<group>"; };
		5F26165720E3FA28004A52FC /* Info.plist */ = {isa = PBXFileReference; lastKnownFileType = text.plist.xml; path = Info.plist; sourceTree = "<group>"; };
		5FC33D7720F4A53200FED5E8 /* XSIQiYiPlayButton.swift */ = {isa = PBXFileReference; lastKnownFileType = sourcecode.swift; path = XSIQiYiPlayButton.swift; sourceTree = "<group>"; };
/* End PBXFileReference section */

/* Begin PBXFrameworksBuildPhase section */
		5F26164520E3FA27004A52FC /* Frameworks */ = {
			isa = PBXFrameworksBuildPhase;
			buildActionMask = 2147483647;
			files = (
			);
			runOnlyForDeploymentPostprocessing = 0;
		};
/* End PBXFrameworksBuildPhase section */

/* Begin PBXGroup section */
		5F26163F20E3FA27004A52FC = {
			isa = PBXGroup;
			children = (
				5F26164A20E3FA27004A52FC /* XSSuperDemo-Swfit */,
				5F26164920E3FA27004A52FC /* Products */,
			);
			sourceTree = "<group>";
		};
		5F26164920E3FA27004A52FC /* Products */ = {
			isa = PBXGroup;
			children = (
				5F26164820E3FA27004A52FC /* XSSuperDemo-Swfit.app */,
			);
			name = Products;
			sourceTree = "<group>";
		};
		5F26164A20E3FA27004A52FC /* XSSuperDemo-Swfit */ = {
			isa = PBXGroup;
			children = (
				5FC33D7620F4A40800FED5E8 /* PlayerButton */,
				5F26164B20E3FA27004A52FC /* AppDelegate.swift */,
				5F26164D20E3FA27004A52FC /* ViewController.swift */,
				5F26164F20E3FA27004A52FC /* Main.storyboard */,
				5F26165220E3FA28004A52FC /* Assets.xcassets */,
				5F26165420E3FA28004A52FC /* LaunchScreen.storyboard */,
				5F26165720E3FA28004A52FC /* Info.plist */,
			);
			path = "XSSuperDemo-Swfit";
			sourceTree = "<group>";
		};
		5FC33D7620F4A40800FED5E8 /* PlayerButton */ = {
			isa = PBXGroup;
			children = (
				5FC33D7720F4A53200FED5E8 /* XSIQiYiPlayButton.swift */,
			);
			path = PlayerButton;
			sourceTree = "<group>";
		};
/* End PBXGroup section */

/* Begin PBXNativeTarget section */
		5F26164720E3FA27004A52FC /* XSSuperDemo-Swfit */ = {
			isa = PBXNativeTarget;
			buildConfigurationList = 5F26167020E3FA28004A52FC /* Build configuration list for PBXNativeTarget "XSSuperDemo-Swfit" */;
			buildPhases = (
				5F26164420E3FA27004A52FC /* Sources */,
				5F26164520E3FA27004A52FC /* Frameworks */,
				5F26164620E3FA27004A52FC /* Resources */,
				5F0E225020E9277F00095979 /* Embed Frameworks */,
				5F0E225320E931AB00095979 /* ShellScript */,
			);
			buildRules = (
			);
			dependencies = (
			);
			name = "XSSuperDemo-Swfit";
			productName = "XSSuperDemo-Swfit";
			productReference = 5F26164820E3FA27004A52FC /* XSSuperDemo-Swfit.app */;
			productType = "com.apple.product-type.application";
		};
/* End PBXNativeTarget section */

/* Begin PBXProject section */
		5F26164020E3FA27004A52FC /* Project object */ = {
			isa = PBXProject;
			attributes = {
				LastSwiftUpdateCheck = 0940;
				LastUpgradeCheck = 0940;
				ORGANIZATIONNAME = GoodMorning;
				TargetAttributes = {
					5F26164720E3FA27004A52FC = {
						CreatedOnToolsVersion = 9.4.1;
					};
				};
			};
			buildConfigurationList = 5F26164320E3FA27004A52FC /* Build configuration list for PBXProject "XSSuperDemo-Swfit" */;
			compatibilityVersion = "Xcode 9.3";
			developmentRegion = en;
			hasScannedForEncodings = 0;
			knownRegions = (
				en,
				Base,
			);
			mainGroup = 5F26163F20E3FA27004A52FC;
			productRefGroup = 5F26164920E3FA27004A52FC /* Products */;
			projectDirPath = "";
			projectRoot = "";
			targets = (
				5F26164720E3FA27004A52FC /* XSSuperDemo-Swfit */,
			);
		};
/* End PBXProject section */

/* Begin PBXResourcesBuildPhase section */
		5F26164620E3FA27004A52FC /* Resources */ = {
			isa = PBXResourcesBuildPhase;
			buildActionMask = 2147483647;
			files = (
				5F26165620E3FA28004A52FC /* LaunchScreen.storyboard in Resources */,
				5F26165320E3FA28004A52FC /* Assets.xcassets in Resources */,
				5F26165120E3FA27004A52FC /* Main.storyboard in Resources */,
			);
			runOnlyForDeploymentPostprocessing = 0;
		};
/* End PBXResourcesBuildPhase section */

/* Begin PBXShellScriptBuildPhase section */
		5F0E225320E931AB00095979 /* ShellScript */ = {
			isa = PBXShellScriptBuildPhase;
			buildActionMask = 2147483647;
			files = (
			);
			inputPaths = (
			);
			outputPaths = (
			);
			runOnlyForDeploymentPostprocessing = 0;
			shellPath = /bin/sh;
			shellScript = "";
		};
/* End PBXShellScriptBuildPhase section */

/* Begin PBXSourcesBuildPhase section */
		5F26164420E3FA27004A52FC /* Sources */ = {
			isa = PBXSourcesBuildPhase;
			buildActionMask = 2147483647;
			files = (
				5F26164E20E3FA27004A52FC /* ViewController.swift in Sources */,
				5F26164C20E3FA27004A52FC /* AppDelegate.swift in Sources */,
				5FC33D7820F4A53200FED5E8 /* XSIQiYiPlayButton.swift in Sources */,
			);
			runOnlyForDeploymentPostprocessing = 0;
		};
/* End PBXSourcesBuildPhase section */

/* Begin PBXVariantGroup section */
		5F26164F20E3FA27004A52FC /* Main.storyboard */ = {
			isa = PBXVariantGroup;
			children = (
				5F26165020E3FA27004A52FC /* Base */,
			);
			name = Main.storyboard;
			sourceTree = "<group>";
		};
		5F26165420E3FA28004A52FC /* LaunchScreen.storyboard */ = {
			isa = PBXVariantGroup;
			children = (
				5F26165520E3FA28004A52FC /* Base */,
			);
			name = LaunchScreen.storyboard;
			sourceTree = "<group>";
		};
/* End PBXVariantGroup section */

/* Begin XCBuildConfiguration section */
		5F26166E20E3FA28004A52FC /* Debug */ = {
			isa = XCBuildConfiguration;
			buildSettings = {
				ALWAYS_SEARCH_USER_PATHS = NO;
				CLANG_ANALYZER_NONNULL = YES;
				CLANG_ANALYZER_NUMBER_OBJECT_CONVERSION = YES_AGGRESSIVE;
				CLANG_CXX_LANGUAGE_STANDARD = "gnu++14";
				CLANG_CXX_LIBRARY = "libc++";
				CLANG_ENABLE_MODULES = YES;
				CLANG_ENABLE_OBJC_ARC = YES;
				CLANG_ENABLE_OBJC_WEAK = YES;
				CLANG_WARN_BLOCK_CAPTURE_AUTORELEASING = YES;
				CLANG_WARN_BOOL_CONVERSION = YES;
				CLANG_WARN_COMMA = YES;
				CLANG_WARN_CONSTANT_CONVERSION = YES;
				CLANG_WARN_DEPRECATED_OBJC_IMPLEMENTATIONS = YES;
				CLANG_WARN_DIRECT_OBJC_ISA_USAGE = YES_ERROR;
				CLANG_WARN_DOCUMENTATION_COMMENTS = YES;
				CLANG_WARN_EMPTY_BODY = YES;
				CLANG_WARN_ENUM_CONVERSION = YES;
				CLANG_WARN_INFINITE_RECURSION = YES;
				CLANG_WARN_INT_CONVERSION = YES;
				CLANG_WARN_NON_LITERAL_NULL_CONVERSION = YES;
				CLANG_WARN_OBJC_IMPLICIT_RETAIN_SELF = YES;
				CLANG_WARN_OBJC_LITERAL_CONVERSION = YES;
				CLANG_WARN_OBJC_ROOT_CLASS = YES_ERROR;
				CLANG_WARN_RANGE_LOOP_ANALYSIS = YES;
				CLANG_WARN_STRICT_PROTOTYPES = YES;
				CLANG_WARN_SUSPICIOUS_MOVE = YES;
				CLANG_WARN_UNGUARDED_AVAILABILITY = YES_AGGRESSIVE;
				CLANG_WARN_UNREACHABLE_CODE = YES;
				CLANG_WARN__DUPLICATE_METHOD_MATCH = YES;
				CODE_SIGN_IDENTITY = "iPhone Developer";
				COPY_PHASE_STRIP = NO;
				DEBUG_INFORMATION_FORMAT = dwarf;
				ENABLE_STRICT_OBJC_MSGSEND = YES;
				ENABLE_TESTABILITY = YES;
				GCC_C_LANGUAGE_STANDARD = gnu11;
				GCC_DYNAMIC_NO_PIC = NO;
				GCC_NO_COMMON_BLOCKS = YES;
				GCC_OPTIMIZATION_LEVEL = 0;
				GCC_PREPROCESSOR_DEFINITIONS = (
					"DEBUG=1",
					"$(inherited)",
				);
				GCC_WARN_64_TO_32_BIT_CONVERSION = YES;
				GCC_WARN_ABOUT_RETURN_TYPE = YES_ERROR;
				GCC_WARN_UNDECLARED_SELECTOR = YES;
				GCC_WARN_UNINITIALIZED_AUTOS = YES_AGGRESSIVE;
				GCC_WARN_UNUSED_FUNCTION = YES;
				GCC_WARN_UNUSED_VARIABLE = YES;
				IPHONEOS_DEPLOYMENT_TARGET = 11.4;
				MTL_ENABLE_DEBUG_INFO = YES;
				ONLY_ACTIVE_ARCH = YES;
				SDKROOT = iphoneos;
				SWIFT_ACTIVE_COMPILATION_CONDITIONS = DEBUG;
				SWIFT_OPTIMIZATION_LEVEL = "-Onone";
			};
			name = Debug;
		};
		5F26166F20E3FA28004A52FC /* Release */ = {
			isa = XCBuildConfiguration;
			buildSettings = {
				ALWAYS_SEARCH_USER_PATHS = NO;
				CLANG_ANALYZER_NONNULL = YES;
				CLANG_ANALYZER_NUMBER_OBJECT_CONVERSION = YES_AGGRESSIVE;
				CLANG_CXX_LANGUAGE_STANDARD = "gnu++14";
				CLANG_CXX_LIBRARY = "libc++";
				CLANG_ENABLE_MODULES = YES;
				CLANG_ENABLE_OBJC_ARC = YES;
				CLANG_ENABLE_OBJC_WEAK = YES;
				CLANG_WARN_BLOCK_CAPTURE_AUTORELEASING = YES;
				CLANG_WARN_BOOL_CONVERSION = YES;
				CLANG_WARN_COMMA = YES;
				CLANG_WARN_CONSTANT_CONVERSION = YES;
				CLANG_WARN_DEPRECATED_OBJC_IMPLEMENTATIONS = YES;
				CLANG_WARN_DIRECT_OBJC_ISA_USAGE = YES_ERROR;
				CLANG_WARN_DOCUMENTATION_COMMENTS = YES;
				CLANG_WARN_EMPTY_BODY = YES;
				CLANG_WARN_ENUM_CONVERSION = YES;
				CLANG_WARN_INFINITE_RECURSION = YES;
				CLANG_WARN_INT_CONVERSION = YES;
				CLANG_WARN_NON_LITERAL_NULL_CONVERSION = YES;
				CLANG_WARN_OBJC_IMPLICIT_RETAIN_SELF = YES;
				CLANG_WARN_OBJC_LITERAL_CONVERSION = YES;
				CLANG_WARN_OBJC_ROOT_CLASS = YES_ERROR;
				CLANG_WARN_RANGE_LOOP_ANALYSIS = YES;
				CLANG_WARN_STRICT_PROTOTYPES = YES;
				CLANG_WARN_SUSPICIOUS_MOVE = YES;
				CLANG_WARN_UNGUARDED_AVAILABILITY = YES_AGGRESSIVE;
				CLANG_WARN_UNREACHABLE_CODE = YES;
				CLANG_WARN__DUPLICATE_METHOD_MATCH = YES;
				CODE_SIGN_IDENTITY = "iPhone Developer";
				COPY_PHASE_STRIP = NO;
				DEBUG_INFORMATION_FORMAT = "dwarf-with-dsym";
				ENABLE_NS_ASSERTIONS = NO;
				ENABLE_STRICT_OBJC_MSGSEND = YES;
				GCC_C_LANGUAGE_STANDARD = gnu11;
				GCC_NO_COMMON_BLOCKS = YES;
				GCC_WARN_64_TO_32_BIT_CONVERSION = YES;
				GCC_WARN_ABOUT_RETURN_TYPE = YES_ERROR;
				GCC_WARN_UNDECLARED_SELECTOR = YES;
				GCC_WARN_UNINITIALIZED_AUTOS = YES_AGGRESSIVE;
				GCC_WARN_UNUSED_FUNCTION = YES;
				GCC_WARN_UNUSED_VARIABLE = YES;
				IPHONEOS_DEPLOYMENT_TARGET = 11.4;
				MTL_ENABLE_DEBUG_INFO = NO;
				SDKROOT = iphoneos;
				SWIFT_COMPILATION_MODE = wholemodule;
				SWIFT_OPTIMIZATION_LEVEL = "-O";
				VALIDATE_PRODUCT = YES;
			};
			name = Release;
		};
		5F26167120E3FA28004A52FC /* Debug */ = {
			isa = XCBuildConfiguration;
			buildSettings = {
				ASSETCATALOG_COMPILER_APPICON_NAME = AppIcon;
				CODE_SIGN_STYLE = Automatic;
				DEVELOPMENT_TEAM = N87RCZ5LLU;
				FRAMEWORK_SEARCH_PATHS = (
					"$(inherited)",
					"$(PROJECT_DIR)/XSSuperDemo-Swfit",
					"$(PROJECT_DIR)",
				);
				INFOPLIST_FILE = "XSSuperDemo-Swfit/Info.plist";
				IPHONEOS_DEPLOYMENT_TARGET = 9.0;
				LD_RUNPATH_SEARCH_PATHS = (
					"$(inherited)",
					"@executable_path/Frameworks",
				);
				PRODUCT_BUNDLE_IDENTIFIER = "Smiley.XSSuperDemo-Swfit";
				PRODUCT_NAME = "$(TARGET_NAME)";
				SWIFT_VERSION = 4.0;
				TARGETED_DEVICE_FAMILY = "1,2";
			};
			name = Debug;
		};
		5F26167220E3FA28004A52FC /* Release */ = {
			isa = XCBuildConfiguration;
			buildSettings = {
				ASSETCATALOG_COMPILER_APPICON_NAME = AppIcon;
				CODE_SIGN_STYLE = Automatic;
				DEVELOPMENT_TEAM = N87RCZ5LLU;
				FRAMEWORK_SEARCH_PATHS = (
					"$(inherited)",
					"$(PROJECT_DIR)/XSSuperDemo-Swfit",
					"$(PROJECT_DIR)",
				);
				INFOPLIST_FILE = "XSSuperDemo-Swfit/Info.plist";
				IPHONEOS_DEPLOYMENT_TARGET = 9.0;
				LD_RUNPATH_SEARCH_PATHS = (
					"$(inherited)",
					"@executable_path/Frameworks",
				);
				PRODUCT_BUNDLE_IDENTIFIER = "Smiley.XSSuperDemo-Swfit";
				PRODUCT_NAME = "$(TARGET_NAME)";
				SWIFT_VERSION = 4.0;
				TARGETED_DEVICE_FAMILY = "1,2";
			};
			name = Release;
		};
/* End XCBuildConfiguration section */

/* Begin XCConfigurationList section */
		5F26164320E3FA27004A52FC /* Build configuration list for PBXProject "XSSuperDemo-Swfit" */ = {
			isa = XCConfigurationList;
			buildConfigurations = (
				5F26166E20E3FA28004A52FC /* Debug */,
				5F26166F20E3FA28004A52FC /* Release */,
			);
			defaultConfigurationIsVisible = 0;
			defaultConfigurationName = Release;
		};
		5F26167020E3FA28004A52FC /* Build configuration list for PBXNativeTarget "XSSuperDemo-Swfit" */ = {
			isa = XCConfigurationList;
			buildConfigurations = (
				5F26167120E3FA28004A52FC /* Debug */,
				5F26167220E3FA28004A52FC /* Release */,
			);
			defaultConfigurationIsVisible = 0;
			defaultConfigurationName = Release;
		};
/* End XCConfigurationList section */
	};
	rootObject = 5F26164020E3FA27004A52FC /* Project object */;
}
